// !$*UTF8*$!
{
	archiveVersion = 1;
	classes = {
	};
	objectVersion = 56;
	objects = {

/* Begin PBXBuildFile section */
		711CF2552B324A4000EDA7F2 /* CircleButtonView.swift in Sources */ = {isa = PBXBuildFile; fileRef = 711CF2542B324A4000EDA7F2 /* CircleButtonView.swift */; };
		711CF2572B324DC200EDA7F2 /* CircleButtonAnimationView.swift in Sources */ = {isa = PBXBuildFile; fileRef = 711CF2562B324DC200EDA7F2 /* CircleButtonAnimationView.swift */; };
		711CF2592B339AF900EDA7F2 /* CoinRowView.swift in Sources */ = {isa = PBXBuildFile; fileRef = 711CF2582B339AF900EDA7F2 /* CoinRowView.swift */; };
		7190D4592B30EDC600406C6F /* SwiftfulCryptoApp.swift in Sources */ = {isa = PBXBuildFile; fileRef = 7190D4582B30EDC600406C6F /* SwiftfulCryptoApp.swift */; };
		7190D45B2B30EDC600406C6F /* ContentView.swift in Sources */ = {isa = PBXBuildFile; fileRef = 7190D45A2B30EDC600406C6F /* ContentView.swift */; };
		7190D4602B30EDC800406C6F /* Preview Assets.xcassets in Resources */ = {isa = PBXBuildFile; fileRef = 7190D45F2B30EDC800406C6F /* Preview Assets.xcassets */; };
		7190D4672B30EE9100406C6F /* Assets.xcassets in Resources */ = {isa = PBXBuildFile; fileRef = 7190D4662B30EE9100406C6F /* Assets.xcassets */; };
		7190D4702B30EFAB00406C6F /* Double.swift in Sources */ = {isa = PBXBuildFile; fileRef = 7190D46A2B30EFAA00406C6F /* Double.swift */; };
		7190D4712B30EFAB00406C6F /* Date.swift in Sources */ = {isa = PBXBuildFile; fileRef = 7190D46B2B30EFAB00406C6F /* Date.swift */; };
		7190D4722B30EFAB00406C6F /* PreviewProvider.swift in Sources */ = {isa = PBXBuildFile; fileRef = 7190D46C2B30EFAB00406C6F /* PreviewProvider.swift */; };
		7190D4732B30EFAB00406C6F /* UIApplication.swift in Sources */ = {isa = PBXBuildFile; fileRef = 7190D46D2B30EFAB00406C6F /* UIApplication.swift */; };
		7190D4742B30EFAB00406C6F /* Color.swift in Sources */ = {isa = PBXBuildFile; fileRef = 7190D46E2B30EFAB00406C6F /* Color.swift */; };
		7190D4752B30EFAB00406C6F /* String.swift in Sources */ = {isa = PBXBuildFile; fileRef = 7190D46F2B30EFAB00406C6F /* String.swift */; };
		7190D47D2B30F0B500406C6F /* MarketDataModel.swift in Sources */ = {isa = PBXBuildFile; fileRef = 7190D4772B30F0B500406C6F /* MarketDataModel.swift */; };
		7190D47E2B30F0B500406C6F /* CoinDetailModel.swift in Sources */ = {isa = PBXBuildFile; fileRef = 7190D4782B30F0B500406C6F /* CoinDetailModel.swift */; };
		7190D47F2B30F0B500406C6F /* StatisticModel.swift in Sources */ = {isa = PBXBuildFile; fileRef = 7190D4792B30F0B500406C6F /* StatisticModel.swift */; };
		7190D4802B30F0B500406C6F /* CoinModel.swift in Sources */ = {isa = PBXBuildFile; fileRef = 7190D47A2B30F0B500406C6F /* CoinModel.swift */; };
		7190D4812B30F0B500406C6F /* PortfolioContainer.xcdatamodeld in Sources */ = {isa = PBXBuildFile; fileRef = 7190D47B2B30F0B500406C6F /* PortfolioContainer.xcdatamodeld */; };
		7190D4872B30F2C900406C6F /* HomeView.swift in Sources */ = {isa = PBXBuildFile; fileRef = 7190D4862B30F2C900406C6F /* HomeView.swift */; };
/* End PBXBuildFile section */

/* Begin PBXFileReference section */
		711CF2542B324A4000EDA7F2 /* CircleButtonView.swift */ = {isa = PBXFileReference; lastKnownFileType = sourcecode.swift; path = CircleButtonView.swift; sourceTree = "<group>"; };
		711CF2562B324DC200EDA7F2 /* CircleButtonAnimationView.swift */ = {isa = PBXFileReference; lastKnownFileType = sourcecode.swift; path = CircleButtonAnimationView.swift; sourceTree = "<group>"; };
		711CF2582B339AF900EDA7F2 /* CoinRowView.swift */ = {isa = PBXFileReference; lastKnownFileType = sourcecode.swift; path = CoinRowView.swift; sourceTree = "<group>"; };
		7190D4552B30EDC600406C6F /* SwiftfulCrypto.app */ = {isa = PBXFileReference; explicitFileType = wrapper.application; includeInIndex = 0; path = SwiftfulCrypto.app; sourceTree = BUILT_PRODUCTS_DIR; };
		7190D4582B30EDC600406C6F /* SwiftfulCryptoApp.swift */ = {isa = PBXFileReference; lastKnownFileType = sourcecode.swift; path = SwiftfulCryptoApp.swift; sourceTree = "<group>"; };
		7190D45A2B30EDC600406C6F /* ContentView.swift */ = {isa = PBXFileReference; lastKnownFileType = sourcecode.swift; path = ContentView.swift; sourceTree = "<group>"; };
		7190D45F2B30EDC800406C6F /* Preview Assets.xcassets */ = {isa = PBXFileReference; lastKnownFileType = folder.assetcatalog; path = "Preview Assets.xcassets"; sourceTree = "<group>"; };
		7190D4662B30EE9100406C6F /* Assets.xcassets */ = {isa = PBXFileReference; lastKnownFileType = folder.assetcatalog; name = Assets.xcassets; path = "../../../../../Downloads/Resources 2/Assets.xcassets"; sourceTree = "<group>"; };
		7190D46A2B30EFAA00406C6F /* Double.swift */ = {isa = PBXFileReference; fileEncoding = 4; lastKnownFileType = sourcecode.swift; path = Double.swift; sourceTree = "<group>"; };
		7190D46B2B30EFAB00406C6F /* Date.swift */ = {isa = PBXFileReference; fileEncoding = 4; lastKnownFileType = sourcecode.swift; path = Date.swift; sourceTree = "<group>"; };
		7190D46C2B30EFAB00406C6F /* PreviewProvider.swift */ = {isa = PBXFileReference; fileEncoding = 4; lastKnownFileType = sourcecode.swift; path = PreviewProvider.swift; sourceTree = "<group>"; };
		7190D46D2B30EFAB00406C6F /* UIApplication.swift */ = {isa = PBXFileReference; fileEncoding = 4; lastKnownFileType = sourcecode.swift; path = UIApplication.swift; sourceTree = "<group>"; };
		7190D46E2B30EFAB00406C6F /* Color.swift */ = {isa = PBXFileReference; fileEncoding = 4; lastKnownFileType = sourcecode.swift; path = Color.swift; sourceTree = "<group>"; };
		7190D46F2B30EFAB00406C6F /* String.swift */ = {isa = PBXFileReference; fileEncoding = 4; lastKnownFileType = sourcecode.swift; path = String.swift; sourceTree = "<group>"; };
		7190D4772B30F0B500406C6F /* MarketDataModel.swift */ = {isa = PBXFileReference; fileEncoding = 4; lastKnownFileType = sourcecode.swift; path = MarketDataModel.swift; sourceTree = "<group>"; };
		7190D4782B30F0B500406C6F /* CoinDetailModel.swift */ = {isa = PBXFileReference; fileEncoding = 4; lastKnownFileType = sourcecode.swift; path = CoinDetailModel.swift; sourceTree = "<group>"; };
		7190D4792B30F0B500406C6F /* StatisticModel.swift */ = {isa = PBXFileReference; fileEncoding = 4; lastKnownFileType = sourcecode.swift; path = StatisticModel.swift; sourceTree = "<group>"; };
		7190D47A2B30F0B500406C6F /* CoinModel.swift */ = {isa = PBXFileReference; fileEncoding = 4; lastKnownFileType = sourcecode.swift; path = CoinModel.swift; sourceTree = "<group>"; };
		7190D47C2B30F0B500406C6F /* PortfolioContainer.xcdatamodel */ = {isa = PBXFileReference; lastKnownFileType = wrapper.xcdatamodel; path = PortfolioContainer.xcdatamodel; sourceTree = "<group>"; };
		7190D4862B30F2C900406C6F /* HomeView.swift */ = {isa = PBXFileReference; lastKnownFileType = sourcecode.swift; path = HomeView.swift; sourceTree = "<group>"; };
/* End PBXFileReference section */

/* Begin PBXFrameworksBuildPhase section */
		7190D4522B30EDC600406C6F /* Frameworks */ = {
			isa = PBXFrameworksBuildPhase;
			buildActionMask = 2147483647;
			files = (
			);
			runOnlyForDeploymentPostprocessing = 0;
		};
/* End PBXFrameworksBuildPhase section */

/* Begin PBXGroup section */
		711CF2532B324A1F00EDA7F2 /* CircleButton */ = {
			isa = PBXGroup;
			children = (
				711CF2542B324A4000EDA7F2 /* CircleButtonView.swift */,
				711CF2562B324DC200EDA7F2 /* CircleButtonAnimationView.swift */,
			);
			path = CircleButton;
			sourceTree = "<group>";
		};
		7190D44C2B30EDC600406C6F = {
			isa = PBXGroup;
			children = (
				7190D4572B30EDC600406C6F /* SwiftfulCrypto */,
				7190D4562B30EDC600406C6F /* Products */,
			);
			sourceTree = "<group>";
		};
		7190D4562B30EDC600406C6F /* Products */ = {
			isa = PBXGroup;
			children = (
				7190D4552B30EDC600406C6F /* SwiftfulCrypto.app */,
			);
			name = Products;
			sourceTree = "<group>";
		};
		7190D4572B30EDC600406C6F /* SwiftfulCrypto */ = {
			isa = PBXGroup;
			children = (
				7190D4822B30F27200406C6F /* Core */,
				7190D4762B30F0A800406C6F /* Models */,
				7190D4692B30EF9400406C6F /* Extensions */,
				7190D4582B30EDC600406C6F /* SwiftfulCryptoApp.swift */,
				7190D45A2B30EDC600406C6F /* ContentView.swift */,
				7190D4662B30EE9100406C6F /* Assets.xcassets */,
				7190D45E2B30EDC800406C6F /* Preview Content */,
			);
			path = SwiftfulCrypto;
			sourceTree = "<group>";
		};
		7190D45E2B30EDC800406C6F /* Preview Content */ = {
			isa = PBXGroup;
			children = (
				7190D45F2B30EDC800406C6F /* Preview Assets.xcassets */,
			);
			path = "Preview Content";
			sourceTree = "<group>";
		};
		7190D4692B30EF9400406C6F /* Extensions */ = {
			isa = PBXGroup;
			children = (
				7190D46E2B30EFAB00406C6F /* Color.swift */,
				7190D46B2B30EFAB00406C6F /* Date.swift */,
				7190D46A2B30EFAA00406C6F /* Double.swift */,
				7190D46C2B30EFAB00406C6F /* PreviewProvider.swift */,
				7190D46F2B30EFAB00406C6F /* String.swift */,
				7190D46D2B30EFAB00406C6F /* UIApplication.swift */,
			);
			path = Extensions;
			sourceTree = "<group>";
		};
		7190D4762B30F0A800406C6F /* Models */ = {
			isa = PBXGroup;
			children = (
				7190D4782B30F0B500406C6F /* CoinDetailModel.swift */,
				7190D47A2B30F0B500406C6F /* CoinModel.swift */,
				7190D4772B30F0B500406C6F /* MarketDataModel.swift */,
				7190D47B2B30F0B500406C6F /* PortfolioContainer.xcdatamodeld */,
				7190D4792B30F0B500406C6F /* StatisticModel.swift */,
			);
			path = Models;
			sourceTree = "<group>";
		};
		7190D4822B30F27200406C6F /* Core */ = {
			isa = PBXGroup;
			children = (
				7190D4882B30F40F00406C6F /* Components */,
				7190D4832B30F27C00406C6F /* Home */,
			);
			path = Core;
			sourceTree = "<group>";
		};
		7190D4832B30F27C00406C6F /* Home */ = {
			isa = PBXGroup;
			children = (
				7190D4852B30F29F00406C6F /* ViewModels */,
				7190D4842B30F29700406C6F /* Views */,
			);
			path = Home;
			sourceTree = "<group>";
		};
		7190D4842B30F29700406C6F /* Views */ = {
			isa = PBXGroup;
			children = (
				7190D4862B30F2C900406C6F /* HomeView.swift */,
				711CF2582B339AF900EDA7F2 /* CoinRowView.swift */,
			);
			path = Views;
			sourceTree = "<group>";
		};
		7190D4852B30F29F00406C6F /* ViewModels */ = {
			isa = PBXGroup;
			children = (
			);
			path = ViewModels;
			sourceTree = "<group>";
		};
		7190D4882B30F40F00406C6F /* Components */ = {
			isa = PBXGroup;
			children = (
				711CF2532B324A1F00EDA7F2 /* CircleButton */,
			);
			path = Components;
			sourceTree = "<group>";
		};
/* End PBXGroup section */

/* Begin PBXNativeTarget section */
		7190D4542B30EDC600406C6F /* SwiftfulCrypto */ = {
			isa = PBXNativeTarget;
			buildConfigurationList = 7190D4632B30EDC800406C6F /* Build configuration list for PBXNativeTarget "SwiftfulCrypto" */;
			buildPhases = (
				7190D4512B30EDC600406C6F /* Sources */,
				7190D4522B30EDC600406C6F /* Frameworks */,
				7190D4532B30EDC600406C6F /* Resources */,
			);
			buildRules = (
			);
			dependencies = (
			);
			name = SwiftfulCrypto;
			productName = SwiftfulCrypto;
			productReference = 7190D4552B30EDC600406C6F /* SwiftfulCrypto.app */;
			productType = "com.apple.product-type.application";
		};
/* End PBXNativeTarget section */

/* Begin PBXProject section */
		7190D44D2B30EDC600406C6F /* Project object */ = {
			isa = PBXProject;
			attributes = {
				BuildIndependentTargetsInParallel = 1;
				LastSwiftUpdateCheck = 1510;
				LastUpgradeCheck = 1510;
				TargetAttributes = {
					7190D4542B30EDC600406C6F = {
						CreatedOnToolsVersion = 15.1;
					};
				};
			};
			buildConfigurationList = 7190D4502B30EDC600406C6F /* Build configuration list for PBXProject "SwiftfulCrypto" */;
			compatibilityVersion = "Xcode 14.0";
			developmentRegion = en;
			hasScannedForEncodings = 0;
			knownRegions = (
				en,
				Base,
			);
			mainGroup = 7190D44C2B30EDC600406C6F;
			productRefGroup = 7190D4562B30EDC600406C6F /* Products */;
			projectDirPath = "";
			projectRoot = "";
			targets = (
				7190D4542B30EDC600406C6F /* SwiftfulCrypto */,
			);
		};
/* End PBXProject section */

/* Begin PBXResourcesBuildPhase section */
		7190D4532B30EDC600406C6F /* Resources */ = {
			isa = PBXResourcesBuildPhase;
			buildActionMask = 2147483647;
			files = (
				7190D4602B30EDC800406C6F /* Preview Assets.xcassets in Resources */,
				7190D4672B30EE9100406C6F /* Assets.xcassets in Resources */,
			);
			runOnlyForDeploymentPostprocessing = 0;
		};
/* End PBXResourcesBuildPhase section */

/* Begin PBXSourcesBuildPhase section */
		7190D4512B30EDC600406C6F /* Sources */ = {
			isa = PBXSourcesBuildPhase;
			buildActionMask = 2147483647;
			files = (
				7190D4732B30EFAB00406C6F /* UIApplication.swift in Sources */,
				7190D4872B30F2C900406C6F /* HomeView.swift in Sources */,
				7190D47F2B30F0B500406C6F /* StatisticModel.swift in Sources */,
				711CF2572B324DC200EDA7F2 /* CircleButtonAnimationView.swift in Sources */,
				711CF2552B324A4000EDA7F2 /* CircleButtonView.swift in Sources */,
				7190D47D2B30F0B500406C6F /* MarketDataModel.swift in Sources */,
				7190D45B2B30EDC600406C6F /* ContentView.swift in Sources */,
				7190D4802B30F0B500406C6F /* CoinModel.swift in Sources */,
				7190D4742B30EFAB00406C6F /* Color.swift in Sources */,
				7190D4702B30EFAB00406C6F /* Double.swift in Sources */,
				7190D4592B30EDC600406C6F /* SwiftfulCryptoApp.swift in Sources */,
				7190D4712B30EFAB00406C6F /* Date.swift in Sources */,
				7190D4812B30F0B500406C6F /* PortfolioContainer.xcdatamodeld in Sources */,
				7190D4752B30EFAB00406C6F /* String.swift in Sources */,
				7190D4722B30EFAB00406C6F /* PreviewProvider.swift in Sources */,
				711CF2592B339AF900EDA7F2 /* CoinRowView.swift in Sources */,
				7190D47E2B30F0B500406C6F /* CoinDetailModel.swift in Sources */,
			);
			runOnlyForDeploymentPostprocessing = 0;
		};
/* End PBXSourcesBuildPhase section */

/* Begin XCBuildConfiguration section */
		7190D4612B30EDC800406C6F /* Debug */ = {
			isa = XCBuildConfiguration;
			buildSettings = {
				ALWAYS_SEARCH_USER_PATHS = NO;
				ASSETCATALOG_COMPILER_GENERATE_SWIFT_ASSET_SYMBOL_EXTENSIONS = YES;
				CLANG_ANALYZER_NONNULL = YES;
				CLANG_ANALYZER_NUMBER_OBJECT_CONVERSION = YES_AGGRESSIVE;
				CLANG_CXX_LANGUAGE_STANDARD = "gnu++20";
				CLANG_ENABLE_MODULES = YES;
				CLANG_ENABLE_OBJC_ARC = YES;
				CLANG_ENABLE_OBJC_WEAK = YES;
				CLANG_WARN_BLOCK_CAPTURE_AUTORELEASING = YES;
				CLANG_WARN_BOOL_CONVERSION = YES;
				CLANG_WARN_COMMA = YES;
				CLANG_WARN_CONSTANT_CONVERSION = YES;
				CLANG_WARN_DEPRECATED_OBJC_IMPLEMENTATIONS = YES;
				CLANG_WARN_DIRECT_OBJC_ISA_USAGE = YES_ERROR;
				CLANG_WARN_DOCUMENTATION_COMMENTS = YES;
				CLANG_WARN_EMPTY_BODY = YES;
				CLANG_WARN_ENUM_CONVERSION = YES;
				CLANG_WARN_INFINITE_RECURSION = YES;
				CLANG_WARN_INT_CONVERSION = YES;
				CLANG_WARN_NON_LITERAL_NULL_CONVERSION = YES;
				CLANG_WARN_OBJC_IMPLICIT_RETAIN_SELF = YES;
				CLANG_WARN_OBJC_LITERAL_CONVERSION = YES;
				CLANG_WARN_OBJC_ROOT_CLASS = YES_ERROR;
				CLANG_WARN_QUOTED_INCLUDE_IN_FRAMEWORK_HEADER = YES;
				CLANG_WARN_RANGE_LOOP_ANALYSIS = YES;
				CLANG_WARN_STRICT_PROTOTYPES = YES;
				CLANG_WARN_SUSPICIOUS_MOVE = YES;
				CLANG_WARN_UNGUARDED_AVAILABILITY = YES_AGGRESSIVE;
				CLANG_WARN_UNREACHABLE_CODE = YES;
				CLANG_WARN__DUPLICATE_METHOD_MATCH = YES;
				COPY_PHASE_STRIP = NO;
				DEBUG_INFORMATION_FORMAT = dwarf;
				ENABLE_STRICT_OBJC_MSGSEND = YES;
				ENABLE_TESTABILITY = YES;
				ENABLE_USER_SCRIPT_SANDBOXING = YES;
				GCC_C_LANGUAGE_STANDARD = gnu17;
				GCC_DYNAMIC_NO_PIC = NO;
				GCC_NO_COMMON_BLOCKS = YES;
				GCC_OPTIMIZATION_LEVEL = 0;
				GCC_PREPROCESSOR_DEFINITIONS = (
					"DEBUG=1",
					"$(inherited)",
				);
				GCC_WARN_64_TO_32_BIT_CONVERSION = YES;
				GCC_WARN_ABOUT_RETURN_TYPE = YES_ERROR;
				GCC_WARN_UNDECLARED_SELECTOR = YES;
				GCC_WARN_UNINITIALIZED_AUTOS = YES_AGGRESSIVE;
				GCC_WARN_UNUSED_FUNCTION = YES;
				GCC_WARN_UNUSED_VARIABLE = YES;
				IPHONEOS_DEPLOYMENT_TARGET = 17.2;
				LOCALIZATION_PREFERS_STRING_CATALOGS = YES;
				MTL_ENABLE_DEBUG_INFO = INCLUDE_SOURCE;
				MTL_FAST_MATH = YES;
				ONLY_ACTIVE_ARCH = YES;
				SDKROOT = iphoneos;
				SWIFT_ACTIVE_COMPILATION_CONDITIONS = "DEBUG $(inherited)";
				SWIFT_OPTIMIZATION_LEVEL = "-Onone";
			};
			name = Debug;
		};
		7190D4622B30EDC800406C6F /* Release */ = {
			isa = XCBuildConfiguration;
			buildSettings = {
				ALWAYS_SEARCH_USER_PATHS = NO;
				ASSETCATALOG_COMPILER_GENERATE_SWIFT_ASSET_SYMBOL_EXTENSIONS = YES;
				CLANG_ANALYZER_NONNULL = YES;
				CLANG_ANALYZER_NUMBER_OBJECT_CONVERSION = YES_AGGRESSIVE;
				CLANG_CXX_LANGUAGE_STANDARD = "gnu++20";
				CLANG_ENABLE_MODULES = YES;
				CLANG_ENABLE_OBJC_ARC = YES;
				CLANG_ENABLE_OBJC_WEAK = YES;
				CLANG_WARN_BLOCK_CAPTURE_AUTORELEASING = YES;
				CLANG_WARN_BOOL_CONVERSION = YES;
				CLANG_WARN_COMMA = YES;
				CLANG_WARN_CONSTANT_CONVERSION = YES;
				CLANG_WARN_DEPRECATED_OBJC_IMPLEMENTATIONS = YES;
				CLANG_WARN_DIRECT_OBJC_ISA_USAGE = YES_ERROR;
				CLANG_WARN_DOCUMENTATION_COMMENTS = YES;
				CLANG_WARN_EMPTY_BODY = YES;
				CLANG_WARN_ENUM_CONVERSION = YES;
				CLANG_WARN_INFINITE_RECURSION = YES;
				CLANG_WARN_INT_CONVERSION = YES;
				CLANG_WARN_NON_LITERAL_NULL_CONVERSION = YES;
				CLANG_WARN_OBJC_IMPLICIT_RETAIN_SELF = YES;
				CLANG_WARN_OBJC_LITERAL_CONVERSION = YES;
				CLANG_WARN_OBJC_ROOT_CLASS = YES_ERROR;
				CLANG_WARN_QUOTED_INCLUDE_IN_FRAMEWORK_HEADER = YES;
				CLANG_WARN_RANGE_LOOP_ANALYSIS = YES;
				CLANG_WARN_STRICT_PROTOTYPES = YES;
				CLANG_WARN_SUSPICIOUS_MOVE = YES;
				CLANG_WARN_UNGUARDED_AVAILABILITY = YES_AGGRESSIVE;
				CLANG_WARN_UNREACHABLE_CODE = YES;
				CLANG_WARN__DUPLICATE_METHOD_MATCH = YES;
				COPY_PHASE_STRIP = NO;
				DEBUG_INFORMATION_FORMAT = "dwarf-with-dsym";
				ENABLE_NS_ASSERTIONS = NO;
				ENABLE_STRICT_OBJC_MSGSEND = YES;
				ENABLE_USER_SCRIPT_SANDBOXING = YES;
				GCC_C_LANGUAGE_STANDARD = gnu17;
				GCC_NO_COMMON_BLOCKS = YES;
				GCC_WARN_64_TO_32_BIT_CONVERSION = YES;
				GCC_WARN_ABOUT_RETURN_TYPE = YES_ERROR;
				GCC_WARN_UNDECLARED_SELECTOR = YES;
				GCC_WARN_UNINITIALIZED_AUTOS = YES_AGGRESSIVE;
				GCC_WARN_UNUSED_FUNCTION = YES;
				GCC_WARN_UNUSED_VARIABLE = YES;
				IPHONEOS_DEPLOYMENT_TARGET = 17.2;
				LOCALIZATION_PREFERS_STRING_CATALOGS = YES;
				MTL_ENABLE_DEBUG_INFO = NO;
				MTL_FAST_MATH = YES;
				SDKROOT = iphoneos;
				SWIFT_COMPILATION_MODE = wholemodule;
				VALIDATE_PRODUCT = YES;
			};
			name = Release;
		};
		7190D4642B30EDC800406C6F /* Debug */ = {
			isa = XCBuildConfiguration;
			buildSettings = {
				ASSETCATALOG_COMPILER_APPICON_NAME = AppIcon;
				ASSETCATALOG_COMPILER_GLOBAL_ACCENT_COLOR_NAME = AccentColor;
				CODE_SIGN_STYLE = Automatic;
				CURRENT_PROJECT_VERSION = 1;
				DEVELOPMENT_ASSET_PATHS = "\"SwiftfulCrypto/Preview Content\"";
				DEVELOPMENT_TEAM = 684T2E6SZR;
				ENABLE_PREVIEWS = YES;
				GENERATE_INFOPLIST_FILE = YES;
				INFOPLIST_KEY_CFBundleDisplayName = "Crypto Tracker";
				INFOPLIST_KEY_UIApplicationSceneManifest_Generation = YES;
				INFOPLIST_KEY_UIApplicationSupportsIndirectInputEvents = YES;
				INFOPLIST_KEY_UILaunchScreen_Generation = YES;
				INFOPLIST_KEY_UISupportedInterfaceOrientations = UIInterfaceOrientationPortrait;
				LD_RUNPATH_SEARCH_PATHS = (
					"$(inherited)",
					"@executable_path/Frameworks",
				);
				MARKETING_VERSION = 1.0;
				PRODUCT_BUNDLE_IDENTIFIER = khawarali5.SwiftfulCrypto;
				PRODUCT_NAME = "$(TARGET_NAME)";
				SWIFT_EMIT_LOC_STRINGS = YES;
				SWIFT_VERSION = 5.0;
				TARGETED_DEVICE_FAMILY = "1,2";
			};
			name = Debug;
		};
		7190D4652B30EDC800406C6F /* Release */ = {
			isa = XCBuildConfiguration;
			buildSettings = {
				ASSETCATALOG_COMPILER_APPICON_NAME = AppIcon;
				ASSETCATALOG_COMPILER_GLOBAL_ACCENT_COLOR_NAME = AccentColor;
				CODE_SIGN_STYLE = Automatic;
				CURRENT_PROJECT_VERSION = 1;
				DEVELOPMENT_ASSET_PATHS = "\"SwiftfulCrypto/Preview Content\"";
				DEVELOPMENT_TEAM = 684T2E6SZR;
				ENABLE_PREVIEWS = YES;
				GENERATE_INFOPLIST_FILE = YES;
				INFOPLIST_KEY_CFBundleDisplayName = "Crypto Tracker";
				INFOPLIST_KEY_UIApplicationSceneManifest_Generation = YES;
				INFOPLIST_KEY_UIApplicationSupportsIndirectInputEvents = YES;
				INFOPLIST_KEY_UILaunchScreen_Generation = YES;
				INFOPLIST_KEY_UISupportedInterfaceOrientations = UIInterfaceOrientationPortrait;
				LD_RUNPATH_SEARCH_PATHS = (
					"$(inherited)",
					"@executable_path/Frameworks",
				);
				MARKETING_VERSION = 1.0;
				PRODUCT_BUNDLE_IDENTIFIER = khawarali5.SwiftfulCrypto;
				PRODUCT_NAME = "$(TARGET_NAME)";
				SWIFT_EMIT_LOC_STRINGS = YES;
				SWIFT_VERSION = 5.0;
				TARGETED_DEVICE_FAMILY = "1,2";
			};
			name = Release;
		};
/* End XCBuildConfiguration section */

/* Begin XCConfigurationList section */
		7190D4502B30EDC600406C6F /* Build configuration list for PBXProject "SwiftfulCrypto" */ = {
			isa = XCConfigurationList;
			buildConfigurations = (
				7190D4612B30EDC800406C6F /* Debug */,
				7190D4622B30EDC800406C6F /* Release */,
			);
			defaultConfigurationIsVisible = 0;
			defaultConfigurationName = Release;
		};
		7190D4632B30EDC800406C6F /* Build configuration list for PBXNativeTarget "SwiftfulCrypto" */ = {
			isa = XCConfigurationList;
			buildConfigurations = (
				7190D4642B30EDC800406C6F /* Debug */,
				7190D4652B30EDC800406C6F /* Release */,
			);
			defaultConfigurationIsVisible = 0;
			defaultConfigurationName = Release;
		};
/* End XCConfigurationList section */

/* Begin XCVersionGroup section */
		7190D47B2B30F0B500406C6F /* PortfolioContainer.xcdatamodeld */ = {
			isa = XCVersionGroup;
			children = (
				7190D47C2B30F0B500406C6F /* PortfolioContainer.xcdatamodel */,
			);
			currentVersion = 7190D47C2B30F0B500406C6F /* PortfolioContainer.xcdatamodel */;
			path = PortfolioContainer.xcdatamodeld;
			sourceTree = "<group>";
			versionGroupType = wrapper.xcdatamodel;
		};
/* End XCVersionGroup section */
	};
	rootObject = 7190D44D2B30EDC600406C6F /* Project object */;
}
